{
  "name": "test",
  "version": "0.1.0",
  "lockfileVersion": 1,
  "requires": true,
  "dependencies": {
    "@hai2007/algorithm": {
      "version": "0.7.3",
      "resolved": "https://registry.npmjs.org/@hai2007/algorithm/-/algorithm-0.7.3.tgz",
      "integrity": "sha512-VCBG2OS3MxBLfMq6Vhq5HOP1Oy3RyCD+SNT4OLzr6EWdf2KuepLtYgVVWsSJfnaFTy3P8gmLP251yICTk/pPDg==",
      "requires": {
        "@hai2007/tool": "^0.9.1"
      },
      "dependencies": {
        "@hai2007/tool": {
          "version": "0.9.3",
          "resolved": "https://registry.npmjs.org/@hai2007/tool/-/tool-0.9.3.tgz",
          "integrity": "sha512-nNoK8T+pPYsAFO1KbnWkKZe5S9SCrLlo46q83+as9KvR63CepTQ0ELCUX5OjfIAuwSzZiZDjYSN6Y/abKS8d8w=="
        }
      }
    },
    "@hai2007/nodejs": {
      "version": "1.2.0",
      "resolved": "https://registry.npmjs.org/@hai2007/nodejs/-/nodejs-1.2.0.tgz",
      "integrity": "sha512-AfdAvVttrWHy3rT5h+YzTbitI4xDZZiW6rAfjCGmL1ArVXLaDEeV8IWWZ4eY6rv8pzP/LzR1JsYjUu5MgbaRjQ==",
      "dev": true,
      "requires": {
        "@hai2007/tool": "^0.6.1"
      },
      "dependencies": {
        "@hai2007/tool": {
          "version": "0.6.6",
          "resolved": "https://registry.npmjs.org/@hai2007/tool/-/tool-0.6.6.tgz",
          "integrity": "sha512-NY+oSmnB2ihepJBDFw+2S6vUvJ+lj9AtibioWBbkEn2w/QOY+wNKBT1xgg0nstxx5ljWLd2oS9WqOPY/q7rICA==",
          "dev": true
        }
      }
    },
    "@hai2007/polyfill": {
      "version": "0.1.1",
      "resolved": "https://registry.npmjs.org/@hai2007/polyfill/-/polyfill-0.1.1.tgz",
      "integrity": "sha512-xOOWEMCqWm0uWmRe+0kd9oZ5tJFWqekWUqzGl+xfycdMm5BXjJMMHUfjl4NkpqCPmmUC0bfA1FoUXBrbxX8H6w==",
      "requires": {
        "@hai2007/tool": "^0.6.2"
      },
      "dependencies": {
        "@hai2007/tool": {
          "version": "0.6.6",
          "resolved": "https://registry.npmjs.org/@hai2007/tool/-/tool-0.6.6.tgz",
          "integrity": "sha512-NY+oSmnB2ihepJBDFw+2S6vUvJ+lj9AtibioWBbkEn2w/QOY+wNKBT1xgg0nstxx5ljWLd2oS9WqOPY/q7rICA=="
        }
      }
    },
    "@hai2007/style": {
      "version": "0.3.0",
      "resolved": "https://registry.npmjs.org/@hai2007/style/-/style-0.3.0.tgz",
      "integrity": "sha512-10MehoX/e/7+6FHWg0I72UpBhJIFBNtzltT5gx7b/sixNKqpA6j/I4Ugt1UtK/C0ebG7WfL2Sqm2S9LGiTrBag=="
    },
    "@hai2007/tool": {
      "version": "1.0.0",
      "resolved": "https://registry.npmjs.org/@hai2007/tool/-/tool-1.0.0.tgz",
      "integrity": "sha512-Ls3rzkjFlKFfTgwWjbtXYtgBCCuRUSdn1qummhl6RC2C9Isnm2zgFbCtu3OnnE2s8sRRYJwiSxB8d1boGUjaBw=="
    },
    "@nefbl/pack": {
      "version": "0.1.0-alpha.3",
      "resolved": "https://registry.npmjs.org/@nefbl/pack/-/pack-0.1.0-alpha.3.tgz",
      "integrity": "sha512-68jgZN81e/S4vrDNHHVPosCgr6tVDTpoHs02rOB1TvSVhgXNavmybDg0aUhltzF7DCru1l3bukOn3d3EFHoyxA==",
      "dev": true,
      "requires": {
        "@hai2007/algorithm": "^0.7.2",
        "@hai2007/nodejs": "^1.2.0",
        "@hai2007/tool": "^0.9.3"
      },
      "dependencies": {
        "@hai2007/algorithm": {
          "version": "0.7.2",
          "resolved": "https://registry.npmjs.org/@hai2007/algorithm/-/algorithm-0.7.2.tgz",
          "integrity": "sha512-2dNSoFyC2fLFS61487xSPcq3eKlfRXEqsXLOypxxvWCDowJTH1ZrUxH3Glz+E/yLtfeIaxg7+rSg450T/4OeeQ==",
          "dev": true,
          "requires": {
            "@hai2007/tool": "^0.9.1"
          }
        },
        "@hai2007/tool": {
          "version": "0.9.3",
          "resolved": "https://registry.npmjs.org/@hai2007/tool/-/tool-0.9.3.tgz",
          "integrity": "sha512-nNoK8T+pPYsAFO1KbnWkKZe5S9SCrLlo46q83+as9KvR63CepTQ0ELCUX5OjfIAuwSzZiZDjYSN6Y/abKS8d8w==",
          "dev": true
        }
      }
    },
    "clunch": {
      "version": "2.3.4",
      "resolved": "https://registry.npmjs.org/clunch/-/clunch-2.3.4.tgz",
      "integrity": "sha512-c39f65WTZYQ4j9noJOeJVv4Rp4dYyBflzpuXY64gI/9ghMyuf/VnYpO4ZAMPUk0FDIeJc18yDtnPdfCeTRqXZw==",
      "requires": {
        "@hai2007/algorithm": "^0.7.3",
        "@hai2007/nodejs": "^2.0.1",
        "@hai2007/tool": "^0.9.3"
      },
      "dependencies": {
        "@hai2007/nodejs": {
          "version": "2.0.1",
          "resolved": "https://registry.npmjs.org/@hai2007/nodejs/-/nodejs-2.0.1.tgz",
          "integrity": "sha512-4u0HDWridQJg6RcqiuR0NSXeEAloqm5avHt0bzHyoW3/M5TDutBUzKX+OC50xxLELrFtlFc33tn90iGtSmW6WQ==",
          "requires": {
            "@hai2007/tool": "^0.6.1"
          },
          "dependencies": {
            "@hai2007/tool": {
              "version": "0.6.6",
              "resolved": "https://registry.npmjs.org/@hai2007/tool/-/tool-0.6.6.tgz",
              "integrity": "sha512-NY+oSmnB2ihepJBDFw+2S6vUvJ+lj9AtibioWBbkEn2w/QOY+wNKBT1xgg0nstxx5ljWLd2oS9WqOPY/q7rICA=="
            }
          }
        },
        "@hai2007/tool": {
          "version": "0.9.3",
          "resolved": "https://registry.npmjs.org/@hai2007/tool/-/tool-0.9.3.tgz",
          "integrity": "sha512-nNoK8T+pPYsAFO1KbnWkKZe5S9SCrLlo46q83+as9KvR63CepTQ0ELCUX5OjfIAuwSzZiZDjYSN6Y/abKS8d8w=="
        }
      }
    },
    "sprout-ui": {
      "version": "0.1.0",
      "resolved": "https://registry.npmjs.org/sprout-ui/-/sprout-ui-0.1.0.tgz",
      "integrity": "sha512-oml2gue9109065xeRC6WxW2SKZLIxPHPyYokqBrVGhkCFB0x33HA8h3fS1nZ7vMBjR1WJNfO49DIgXT3LMXgmg==",
      "requires": {
        "@hai2007/algorithm": "^0.7.2",
        "@hai2007/tool": "^0.9.2"
      },
      "dependencies": {
        "@hai2007/algorithm": {
          "version": "0.7.2",
          "resolved": "https://registry.npmjs.org/@hai2007/algorithm/-/algorithm-0.7.2.tgz",
          "integrity": "sha512-2dNSoFyC2fLFS61487xSPcq3eKlfRXEqsXLOypxxvWCDowJTH1ZrUxH3Glz+E/yLtfeIaxg7+rSg450T/4OeeQ==",
          "requires": {
            "@hai2007/tool": "^0.9.1"
          }
        },
        "@hai2007/tool": {
          "version": "0.9.2",
          "resolved": "https://registry.npmjs.org/@hai2007/tool/-/tool-0.9.2.tgz",
          "integrity": "sha512-YwA5sFyDk9s2l6T+P29fFuNbeCo6jWRLtG0F/UoNUziDyqZMSooO27JsKFGn2Iv3bDiQy25IHi4CwATdaDy1pA=="
        }
      }
    }
  }
}
