{
  "name": "test",
  "version": "0.1.0",
  "lockfileVersion": 1,
  "requires": true,
  "dependencies": {
    "@hai2007/algorithm": {
      "version": "0.5.1",
      "resolved": "https://registry.npmjs.org/@hai2007/algorithm/-/algorithm-0.5.1.tgz",
      "integrity": "sha512-HhnZMyfWx90cTnIC58kZh2XuKCUxfUjd8Pxf+MXSQ1zLm3kUK6tzR5f882vI+yHoBBQbsDJ5QDwDokFky0Y84g==",
      "requires": {
        "@hai2007/tool": "^0.6.0"
      }
    },
    "@hai2007/polyfill": {
      "version": "0.1.1",
      "resolved": "https://registry.npmjs.org/@hai2007/polyfill/-/polyfill-0.1.1.tgz",
      "integrity": "sha512-xOOWEMCqWm0uWmRe+0kd9oZ5tJFWqekWUqzGl+xfycdMm5BXjJMMHUfjl4NkpqCPmmUC0bfA1FoUXBrbxX8H6w==",
      "requires": {
        "@hai2007/tool": "^0.6.2"
      }
    },
    "@hai2007/style": {
      "version": "0.3.0",
      "resolved": "https://registry.npmjs.org/@hai2007/style/-/style-0.3.0.tgz",
      "integrity": "sha512-10MehoX/e/7+6FHWg0I72UpBhJIFBNtzltT5gx7b/sixNKqpA6j/I4Ugt1UtK/C0ebG7WfL2Sqm2S9LGiTrBag=="
    },
    "@hai2007/tool": {
      "version": "0.6.6",
      "resolved": "https://registry.npmjs.org/@hai2007/tool/-/tool-0.6.6.tgz",
      "integrity": "sha512-NY+oSmnB2ihepJBDFw+2S6vUvJ+lj9AtibioWBbkEn2w/QOY+wNKBT1xgg0nstxx5ljWLd2oS9WqOPY/q7rICA=="
    },
    "nefbl": {
      "version": "0.2.3",
      "resolved": "https://registry.npmjs.org/nefbl/-/nefbl-0.2.3.tgz",
      "integrity": "sha512-tSnUB+K0aMgUMZ1GdpR307QnYuo2g9bZD46Te5RgwxzY3Telct7izAIIzCLRPaZGooxPJCzyHUUl4UnXUY3X0w==",
      "requires": {
        "@hai2007/algorithm": "^0.5.1",
        "@hai2007/tool": "^0.6.2"
      }
    },
    "sprout-ui": {
      "version": "0.1.0",
      "resolved": "https://registry.npmjs.org/sprout-ui/-/sprout-ui-0.1.0.tgz",
      "integrity": "sha512-oml2gue9109065xeRC6WxW2SKZLIxPHPyYokqBrVGhkCFB0x33HA8h3fS1nZ7vMBjR1WJNfO49DIgXT3LMXgmg==",
      "requires": {
        "@hai2007/algorithm": "^0.7.2",
        "@hai2007/tool": "^0.9.2"
      },
      "dependencies": {
        "@hai2007/algorithm": {
          "version": "0.7.2",
          "resolved": "https://registry.npmjs.org/@hai2007/algorithm/-/algorithm-0.7.2.tgz",
          "integrity": "sha512-2dNSoFyC2fLFS61487xSPcq3eKlfRXEqsXLOypxxvWCDowJTH1ZrUxH3Glz+E/yLtfeIaxg7+rSg450T/4OeeQ==",
          "requires": {
            "@hai2007/tool": "^0.9.1"
          }
        },
        "@hai2007/tool": {
          "version": "0.9.2",
          "resolved": "https://registry.npmjs.org/@hai2007/tool/-/tool-0.9.2.tgz",
          "integrity": "sha512-YwA5sFyDk9s2l6T+P29fFuNbeCo6jWRLtG0F/UoNUziDyqZMSooO27JsKFGn2Iv3bDiQy25IHi4CwATdaDy1pA=="
        }
      }
    },
    "tslib": {
      "version": "2.3.1",
      "resolved": "https://registry.npmjs.org/tslib/-/tslib-2.3.1.tgz",
      "integrity": "sha512-77EbyPPpMz+FRFRuAFlWMtmgUWGe9UOG2Z25NqCwiIjRhOf5iKGuzSe5P2w1laq+FkRy4p+PCuVkJSGkzTEKVw==",
      "dev": true
    }
  }
}
